# THIS IS AN AUTOGENERATED FILE. DO NOT EDIT THIS FILE DIRECTLY.
# yarn lockfile v1


bootstrap@^5.0.0-alpha1:
  version "5.0.0-alpha1"
  resolved "https://registry.yarnpkg.com/bootstrap/-/bootstrap-5.0.0-alpha1.tgz#cd35be4282bc930322bcbf1db23a8729c60a31cb"
  integrity sha512-iwKneP2pLXl8lN0YpnOuOARiNPTzmh/4cw+Un86u4OqrMLuQpyMC7nO07hvivvcg0B/ektJPjuPnS1s+YmRK9A==

smooth-scroll@^16.1.3:
  version "16.1.3"
  resolved "https://registry.yarnpkg.com/smooth-scroll/-/smooth-scroll-16.1.3.tgz#c5b68194b4186173f9f61065103ae4e26ce36885"
  integrity sha512-ca9U+neJS/cbdScTBuUTCZvUWNF2EuMCk7oAx3ImdeRK5FPm+xRo9XsVHIkeEVkn7MBRx+ufVEhyveM4ZhaTGA==
